
Microsoft Visual Studio Solution File, Format Version 12.00
# Visual Studio 15
VisualStudioVersion = 15.0.26124.0
MinimumVisualStudioVersion = 15.0.26124.0
Project("{FAE04EC0-301F-11D3-BF4B-00C04F79EFBC}") = "PaymantsContat.Domain", "PaymantsContat.Domain\PaymantsContat.Domain.csproj", "{6549BC63-5035-46D3-A96A-045AA9BBAF07}"
EndProject
Project("{FAE04EC0-301F-11D3-BF4B-00C04F79EFBC}") = "PaymantsContat.Shared", "PaymantsContat.Shared\PaymantsContat.Shared.csproj", "{774698D6-8FA3-4CBE-BF44-CE193A954C62}"
EndProject
Project("{FAE04EC0-301F-11D3-BF4B-00C04F79EFBC}") = "PaymantsContat.Tests", "PaymantsContat.Tests\PaymantsContat.Tests.csproj", "{CE405345-6C82-4D8A-B2F3-9CBBA2AB8B39}"
EndProject
Global
	GlobalSection(SolutionConfigurationPlatforms) = preSolution
		Debug|Any CPU = Debug|Any CPU
		Debug|x64 = Debug|x64
		Debug|x86 = Debug|x86
		Release|Any CPU = Release|Any CPU
		Release|x64 = Release|x64
		Release|x86 = Release|x86
	EndGlobalSection
	GlobalSection(SolutionProperties) = preSolution
		HideSolutionNode = FALSE
	EndGlobalSection
	GlobalSection(ProjectConfigurationPlatforms) = postSolution
		{6549BC63-5035-46D3-A96A-045AA9BBAF07}.Debug|Any CPU.ActiveCfg = Debug|Any CPU
		{6549BC63-5035-46D3-A96A-045AA9BBAF07}.Debug|Any CPU.Build.0 = Debug|Any CPU
		{6549BC63-5035-46D3-A96A-045AA9BBAF07}.Debug|x64.ActiveCfg = Debug|x64
		{6549BC63-5035-46D3-A96A-045AA9BBAF07}.Debug|x64.Build.0 = Debug|x64
		{6549BC63-5035-46D3-A96A-045AA9BBAF07}.Debug|x86.ActiveCfg = Debug|x86
		{6549BC63-5035-46D3-A96A-045AA9BBAF07}.Debug|x86.Build.0 = Debug|x86
		{6549BC63-5035-46D3-A96A-045AA9BBAF07}.Release|Any CPU.ActiveCfg = Release|Any CPU
		{6549BC63-5035-46D3-A96A-045AA9BBAF07}.Release|Any CPU.Build.0 = Release|Any CPU
		{6549BC63-5035-46D3-A96A-045AA9BBAF07}.Release|x64.ActiveCfg = Release|x64
		{6549BC63-5035-46D3-A96A-045AA9BBAF07}.Release|x64.Build.0 = Release|x64
		{6549BC63-5035-46D3-A96A-045AA9BBAF07}.Release|x86.ActiveCfg = Release|x86
		{6549BC63-5035-46D3-A96A-045AA9BBAF07}.Release|x86.Build.0 = Release|x86
		{774698D6-8FA3-4CBE-BF44-CE193A954C62}.Debug|Any CPU.ActiveCfg = Debug|Any CPU
		{774698D6-8FA3-4CBE-BF44-CE193A954C62}.Debug|Any CPU.Build.0 = Debug|Any CPU
		{774698D6-8FA3-4CBE-BF44-CE193A954C62}.Debug|x64.ActiveCfg = Debug|x64
		{774698D6-8FA3-4CBE-BF44-CE193A954C62}.Debug|x64.Build.0 = Debug|x64
		{774698D6-8FA3-4CBE-BF44-CE193A954C62}.Debug|x86.ActiveCfg = Debug|x86
		{774698D6-8FA3-4CBE-BF44-CE193A954C62}.Debug|x86.Build.0 = Debug|x86
		{774698D6-8FA3-4CBE-BF44-CE193A954C62}.Release|Any CPU.ActiveCfg = Release|Any CPU
		{774698D6-8FA3-4CBE-BF44-CE193A954C62}.Release|Any CPU.Build.0 = Release|Any CPU
		{774698D6-8FA3-4CBE-BF44-CE193A954C62}.Release|x64.ActiveCfg = Release|x64
		{774698D6-8FA3-4CBE-BF44-CE193A954C62}.Release|x64.Build.0 = Release|x64
		{774698D6-8FA3-4CBE-BF44-CE193A954C62}.Release|x86.ActiveCfg = Release|x86
		{774698D6-8FA3-4CBE-BF44-CE193A954C62}.Release|x86.Build.0 = Release|x86
		{CE405345-6C82-4D8A-B2F3-9CBBA2AB8B39}.Debug|Any CPU.ActiveCfg = Debug|Any CPU
		{CE405345-6C82-4D8A-B2F3-9CBBA2AB8B39}.Debug|Any CPU.Build.0 = Debug|Any CPU
		{CE405345-6C82-4D8A-B2F3-9CBBA2AB8B39}.Debug|x64.ActiveCfg = Debug|x64
		{CE405345-6C82-4D8A-B2F3-9CBBA2AB8B39}.Debug|x64.Build.0 = Debug|x64
		{CE405345-6C82-4D8A-B2F3-9CBBA2AB8B39}.Debug|x86.ActiveCfg = Debug|x86
		{CE405345-6C82-4D8A-B2F3-9CBBA2AB8B39}.Debug|x86.Build.0 = Debug|x86
		{CE405345-6C82-4D8A-B2F3-9CBBA2AB8B39}.Release|Any CPU.ActiveCfg = Release|Any CPU
		{CE405345-6C82-4D8A-B2F3-9CBBA2AB8B39}.Release|Any CPU.Build.0 = Release|Any CPU
		{CE405345-6C82-4D8A-B2F3-9CBBA2AB8B39}.Release|x64.ActiveCfg = Release|x64
		{CE405345-6C82-4D8A-B2F3-9CBBA2AB8B39}.Release|x64.Build.0 = Release|x64
		{CE405345-6C82-4D8A-B2F3-9CBBA2AB8B39}.Release|x86.ActiveCfg = Release|x86
		{CE405345-6C82-4D8A-B2F3-9CBBA2AB8B39}.Release|x86.Build.0 = Release|x86
	EndGlobalSection
EndGlobal
